
Microsoft Visual Studio Solution File, Format Version 12.00
# Visual Studio 15
VisualStudioVersion = 15.0.28307.168
MinimumVisualStudioVersion = 10.0.40219.1
Project("{2150E333-8FDC-42A3-9474-1A3956D46DE8}") = "src", "src", "{11FD2EF0-7A71-4F23-80BC-9065CF071749}"
EndProject
Project("{2150E333-8FDC-42A3-9474-1A3956D46DE8}") = "test", "test", "{044C62B5-3099-4A93-8EB5-44FFFF1DD666}"
EndProject
Project("{FAE04EC0-301F-11D3-BF4B-00C04F79EFBC}") = "swdevcom.Web", "swdevcom.Web\swdevcom.Web.csproj", "{1385B526-6874-48BC-98DF-942DC28E9549}"
EndProject
Project("{FAE04EC0-301F-11D3-BF4B-00C04F79EFBC}") = "swdevcom.Business", "swdevcom.Business\swdevcom.Business.csproj", "{39774084-225E-4741-894E-EFFA77BCD1F7}"
EndProject
Project("{FAE04EC0-301F-11D3-BF4B-00C04F79EFBC}") = "swdevcom.DataAccess", "swdevcom.DataAccess\swdevcom.DataAccess.csproj", "{C40B96D8-F87A-471C-9B3B-3B47D7BD6805}"
EndProject
Project("{FAE04EC0-301F-11D3-BF4B-00C04F79EFBC}") = "swdevcom.Entities", "swdevcom.Entities\swdevcom.Entities.csproj", "{2AB98385-D4DB-4D26-9825-2ACFBA97B907}"
EndProject
Project("{FAE04EC0-301F-11D3-BF4B-00C04F79EFBC}") = "swdevcom.WebApi", "swdevcom.WebApi\swdevcom.WebApi.csproj", "{D64F5A20-617D-45EC-94F6-7FEEE2EDDE69}"
EndProject
Project("{FAE04EC0-301F-11D3-BF4B-00C04F79EFBC}") = "swdevcom.Business.Test", "swdevcom.Business.Test\swdevcom.Business.Test.csproj", "{E148181D-50D2-4A14-B5AF-80A4DEA4C475}"
EndProject
Project("{FAE04EC0-301F-11D3-BF4B-00C04F79EFBC}") = "swdevcom.Web.Test", "swdevcom.Web.Test\swdevcom.Web.Test.csproj", "{838174F8-DA53-42E1-B6FF-3D0BFF6DBCF9}"
EndProject
Project("{FAE04EC0-301F-11D3-BF4B-00C04F79EFBC}") = "swdevcom.WebApi.Test", "swdevcom.WebApi.Test\swdevcom.WebApi.Test.csproj", "{9D06D541-EE3F-499F-85EC-645B8FA1823E}"
EndProject
Global
	GlobalSection(SolutionConfigurationPlatforms) = preSolution
		Debug|Any CPU = Debug|Any CPU
		Release|Any CPU = Release|Any CPU
	EndGlobalSection
	GlobalSection(ProjectConfigurationPlatforms) = postSolution
		{1385B526-6874-48BC-98DF-942DC28E9549}.Debug|Any CPU.ActiveCfg = Debug|Any CPU
		{1385B526-6874-48BC-98DF-942DC28E9549}.Debug|Any CPU.Build.0 = Debug|Any CPU
		{1385B526-6874-48BC-98DF-942DC28E9549}.Release|Any CPU.ActiveCfg = Release|Any CPU
		{1385B526-6874-48BC-98DF-942DC28E9549}.Release|Any CPU.Build.0 = Release|Any CPU
		{39774084-225E-4741-894E-EFFA77BCD1F7}.Debug|Any CPU.ActiveCfg = Debug|Any CPU
		{39774084-225E-4741-894E-EFFA77BCD1F7}.Debug|Any CPU.Build.0 = Debug|Any CPU
		{39774084-225E-4741-894E-EFFA77BCD1F7}.Release|Any CPU.ActiveCfg = Release|Any CPU
		{39774084-225E-4741-894E-EFFA77BCD1F7}.Release|Any CPU.Build.0 = Release|Any CPU
		{C40B96D8-F87A-471C-9B3B-3B47D7BD6805}.Debug|Any CPU.ActiveCfg = Debug|Any CPU
		{C40B96D8-F87A-471C-9B3B-3B47D7BD6805}.Debug|Any CPU.Build.0 = Debug|Any CPU
		{C40B96D8-F87A-471C-9B3B-3B47D7BD6805}.Release|Any CPU.ActiveCfg = Release|Any CPU
		{C40B96D8-F87A-471C-9B3B-3B47D7BD6805}.Release|Any CPU.Build.0 = Release|Any CPU
		{2AB98385-D4DB-4D26-9825-2ACFBA97B907}.Debug|Any CPU.ActiveCfg = Debug|Any CPU
		{2AB98385-D4DB-4D26-9825-2ACFBA97B907}.Debug|Any CPU.Build.0 = Debug|Any CPU
		{2AB98385-D4DB-4D26-9825-2ACFBA97B907}.Release|Any CPU.ActiveCfg = Release|Any CPU
		{2AB98385-D4DB-4D26-9825-2ACFBA97B907}.Release|Any CPU.Build.0 = Release|Any CPU
		{D64F5A20-617D-45EC-94F6-7FEEE2EDDE69}.Debug|Any CPU.ActiveCfg = Debug|Any CPU
		{D64F5A20-617D-45EC-94F6-7FEEE2EDDE69}.Debug|Any CPU.Build.0 = Debug|Any CPU
		{D64F5A20-617D-45EC-94F6-7FEEE2EDDE69}.Release|Any CPU.ActiveCfg = Release|Any CPU
		{D64F5A20-617D-45EC-94F6-7FEEE2EDDE69}.Release|Any CPU.Build.0 = Release|Any CPU
		{E148181D-50D2-4A14-B5AF-80A4DEA4C475}.Debug|Any CPU.ActiveCfg = Debug|Any CPU
		{E148181D-50D2-4A14-B5AF-80A4DEA4C475}.Debug|Any CPU.Build.0 = Debug|Any CPU
		{E148181D-50D2-4A14-B5AF-80A4DEA4C475}.Release|Any CPU.ActiveCfg = Release|Any CPU
		{E148181D-50D2-4A14-B5AF-80A4DEA4C475}.Release|Any CPU.Build.0 = Release|Any CPU
		{838174F8-DA53-42E1-B6FF-3D0BFF6DBCF9}.Debug|Any CPU.ActiveCfg = Debug|Any CPU
		{838174F8-DA53-42E1-B6FF-3D0BFF6DBCF9}.Debug|Any CPU.Build.0 = Debug|Any CPU
		{838174F8-DA53-42E1-B6FF-3D0BFF6DBCF9}.Release|Any CPU.ActiveCfg = Release|Any CPU
		{838174F8-DA53-42E1-B6FF-3D0BFF6DBCF9}.Release|Any CPU.Build.0 = Release|Any CPU
		{9D06D541-EE3F-499F-85EC-645B8FA1823E}.Debug|Any CPU.ActiveCfg = Debug|Any CPU
		{9D06D541-EE3F-499F-85EC-645B8FA1823E}.Debug|Any CPU.Build.0 = Debug|Any CPU
		{9D06D541-EE3F-499F-85EC-645B8FA1823E}.Release|Any CPU.ActiveCfg = Release|Any CPU
		{9D06D541-EE3F-499F-85EC-645B8FA1823E}.Release|Any CPU.Build.0 = Release|Any CPU
	EndGlobalSection
	GlobalSection(SolutionProperties) = preSolution
		HideSolutionNode = FALSE
	EndGlobalSection
	GlobalSection(NestedProjects) = preSolution
		{1385B526-6874-48BC-98DF-942DC28E9549} = {11FD2EF0-7A71-4F23-80BC-9065CF071749}
		{39774084-225E-4741-894E-EFFA77BCD1F7} = {11FD2EF0-7A71-4F23-80BC-9065CF071749}
		{C40B96D8-F87A-471C-9B3B-3B47D7BD6805} = {11FD2EF0-7A71-4F23-80BC-9065CF071749}
		{2AB98385-D4DB-4D26-9825-2ACFBA97B907} = {11FD2EF0-7A71-4F23-80BC-9065CF071749}
		{D64F5A20-617D-45EC-94F6-7FEEE2EDDE69} = {11FD2EF0-7A71-4F23-80BC-9065CF071749}
		{E148181D-50D2-4A14-B5AF-80A4DEA4C475} = {044C62B5-3099-4A93-8EB5-44FFFF1DD666}
		{838174F8-DA53-42E1-B6FF-3D0BFF6DBCF9} = {044C62B5-3099-4A93-8EB5-44FFFF1DD666}
		{9D06D541-EE3F-499F-85EC-645B8FA1823E} = {044C62B5-3099-4A93-8EB5-44FFFF1DD666}
	EndGlobalSection
	GlobalSection(ExtensibilityGlobals) = postSolution
		SolutionGuid = {5E0E82F5-6C0E-4EBF-AFEC-CC436583061F}
	EndGlobalSection
EndGlobal
